// !$*UTF8*$!
{
	archiveVersion = 1;
	classes = {
	};
	objectVersion = 46;
	objects = {

/* Begin PBXBuildFile section */
		C6FFDF9B15CAC34000F45466 /* Foundation.framework in Frameworks */ = {isa = PBXBuildFile; fileRef = C6FFDF9A15CAC34000F45466 /* Foundation.framework */; };
		C6FFDF9D15CAC34000F45466 /* UIKit.framework in Frameworks */ = {isa = PBXBuildFile; fileRef = C6FFDF9C15CAC34000F45466 /* UIKit.framework */; };
		C6FFDF9F15CAC34000F45466 /* CoreGraphics.framework in Frameworks */ = {isa = PBXBuildFile; fileRef = C6FFDF9E15CAC34000F45466 /* CoreGraphics.framework */; };
		C6FFDFA115CAC34000F45466 /* AddressBook.framework in Frameworks */ = {isa = PBXBuildFile; fileRef = C6FFDFA015CAC34000F45466 /* AddressBook.framework */; };
		C6FFDFA315CAC34000F45466 /* AddressBookUI.framework in Frameworks */ = {isa = PBXBuildFile; fileRef = C6FFDFA215CAC34000F45466 /* AddressBookUI.framework */; };
		C6FFDFA515CAC34000F45466 /* AudioToolbox.framework in Frameworks */ = {isa = PBXBuildFile; fileRef = C6FFDFA415CAC34000F45466 /* AudioToolbox.framework */; };
		C6FFDFA715CAC34000F45466 /* AVFoundation.framework in Frameworks */ = {isa = PBXBuildFile; fileRef = C6FFDFA615CAC34000F45466 /* AVFoundation.framework */; };
		C6FFDFA915CAC34000F45466 /* CoreLocation.framework in Frameworks */ = {isa = PBXBuildFile; fileRef = C6FFDFA815CAC34000F45466 /* CoreLocation.framework */; };
		C6FFDFAB15CAC34000F45466 /* MediaPlayer.framework in Frameworks */ = {isa = PBXBuildFile; fileRef = C6FFDFAA15CAC34000F45466 /* MediaPlayer.framework */; };
		C6FFDFAD15CAC34000F45466 /* QuartzCore.framework in Frameworks */ = {isa = PBXBuildFile; fileRef = C6FFDFAC15CAC34000F45466 /* QuartzCore.framework */; };
		C6FFDFAF15CAC34000F45466 /* SystemConfiguration.framework in Frameworks */ = {isa = PBXBuildFile; fileRef = C6FFDFAE15CAC34000F45466 /* SystemConfiguration.framework */; };
		C6FFDFB115CAC34000F45466 /* MobileCoreServices.framework in Frameworks */ = {isa = PBXBuildFile; fileRef = C6FFDFB015CAC34000F45466 /* MobileCoreServices.framework */; };
		C6FFDFB315CAC34000F45466 /* CoreMedia.framework in Frameworks */ = {isa = PBXBuildFile; fileRef = C6FFDFB215CAC34000F45466 /* CoreMedia.framework */; };
		C6FFDFB915CAC34000F45466 /* InfoPlist.strings in Resources */ = {isa = PBXBuildFile; fileRef = C6FFDFB715CAC34000F45466 /* InfoPlist.strings */; };
		C6FFDFBB15CAC34000F45466 /* main.m in Sources */ = {isa = PBXBuildFile; fileRef = C6FFDFBA15CAC34000F45466 /* main.m */; };
		C6FFDFBE15CAC34000F45466 /* Cordova.framework in Frameworks */ = {isa = PBXBuildFile; fileRef = C6FFDFBD15CAC34000F45466 /* Cordova.framework */; };
		C6FFDFC315CAC34000F45466 /* Localizable.strings in Resources */ = {isa = PBXBuildFile; fileRef = C6FFDFC115CAC34000F45466 /* Localizable.strings */; };
		C6FFDFC715CAC34000F45466 /* Localizable.strings in Resources */ = {isa = PBXBuildFile; fileRef = C6FFDFC515CAC34000F45466 /* Localizable.strings */; };
		C6FFDFCB15CAC34000F45466 /* Localizable.strings in Resources */ = {isa = PBXBuildFile; fileRef = C6FFDFC915CAC34000F45466 /* Localizable.strings */; };
		C6FFDFCF15CAC34000F45466 /* Localizable.strings in Resources */ = {isa = PBXBuildFile; fileRef = C6FFDFCD15CAC34000F45466 /* Localizable.strings */; };
		C6FFDFD215CAC34000F45466 /* icon.png in Resources */ = {isa = PBXBuildFile; fileRef = C6FFDFD115CAC34000F45466 /* icon.png */; };
		C6FFDFD415CAC34000F45466 /* icon@2x.png in Resources */ = {isa = PBXBuildFile; fileRef = C6FFDFD315CAC34000F45466 /* icon@2x.png */; };
		C6FFDFD615CAC34000F45466 /* icon-72.png in Resources */ = {isa = PBXBuildFile; fileRef = C6FFDFD515CAC34000F45466 /* icon-72.png */; };
		C6FFDFD915CAC34000F45466 /* Default~iphone.png in Resources */ = {isa = PBXBuildFile; fileRef = C6FFDFD815CAC34000F45466 /* Default~iphone.png */; };
		C6FFDFDB15CAC34000F45466 /* Default@2x~iphone.png in Resources */ = {isa = PBXBuildFile; fileRef = C6FFDFDA15CAC34000F45466 /* Default@2x~iphone.png */; };
		C6FFDFDD15CAC34100F45466 /* Capture.bundle in Resources */ = {isa = PBXBuildFile; fileRef = C6FFDFDC15CAC34100F45466 /* Capture.bundle */; };
		C6FFDFDF15CAC34100F45466 /* Cordova.plist in Resources */ = {isa = PBXBuildFile; fileRef = C6FFDFDE15CAC34100F45466 /* Cordova.plist */; };
		C6FFDFE315CAC34100F45466 /* AppDelegate.m in Sources */ = {isa = PBXBuildFile; fileRef = C6FFDFE215CAC34100F45466 /* AppDelegate.m */; };
		C6FFDFE615CAC34100F45466 /* MainViewController.m in Sources */ = {isa = PBXBuildFile; fileRef = C6FFDFE515CAC34100F45466 /* MainViewController.m */; };
		C6FFDFE815CAC34100F45466 /* MainViewController.xib in Resources */ = {isa = PBXBuildFile; fileRef = C6FFDFE715CAC34100F45466 /* MainViewController.xib */; };
/* End PBXBuildFile section */

/* Begin PBXFileReference section */
		C6FFDF9615CAC34000F45466 /* Urbo.app */ = {isa = PBXFileReference; explicitFileType = wrapper.application; includeInIndex = 0; path = Urbo.app; sourceTree = BUILT_PRODUCTS_DIR; };
		C6FFDF9A15CAC34000F45466 /* Foundation.framework */ = {isa = PBXFileReference; lastKnownFileType = wrapper.framework; name = Foundation.framework; path = System/Library/Frameworks/Foundation.framework; sourceTree = SDKROOT; };
		C6FFDF9C15CAC34000F45466 /* UIKit.framework */ = {isa = PBXFileReference; lastKnownFileType = wrapper.framework; name = UIKit.framework; path = System/Library/Frameworks/UIKit.framework; sourceTree = SDKROOT; };
		C6FFDF9E15CAC34000F45466 /* CoreGraphics.framework */ = {isa = PBXFileReference; lastKnownFileType = wrapper.framework; name = CoreGraphics.framework; path = System/Library/Frameworks/CoreGraphics.framework; sourceTree = SDKROOT; };
		C6FFDFA015CAC34000F45466 /* AddressBook.framework */ = {isa = PBXFileReference; lastKnownFileType = wrapper.framework; name = AddressBook.framework; path = System/Library/Frameworks/AddressBook.framework; sourceTree = SDKROOT; };
		C6FFDFA215CAC34000F45466 /* AddressBookUI.framework */ = {isa = PBXFileReference; lastKnownFileType = wrapper.framework; name = AddressBookUI.framework; path = System/Library/Frameworks/AddressBookUI.framework; sourceTree = SDKROOT; };
		C6FFDFA415CAC34000F45466 /* AudioToolbox.framework */ = {isa = PBXFileReference; lastKnownFileType = wrapper.framework; name = AudioToolbox.framework; path = System/Library/Frameworks/AudioToolbox.framework; sourceTree = SDKROOT; };
		C6FFDFA615CAC34000F45466 /* AVFoundation.framework */ = {isa = PBXFileReference; lastKnownFileType = wrapper.framework; name = AVFoundation.framework; path = System/Library/Frameworks/AVFoundation.framework; sourceTree = SDKROOT; };
		C6FFDFA815CAC34000F45466 /* CoreLocation.framework */ = {isa = PBXFileReference; lastKnownFileType = wrapper.framework; name = CoreLocation.framework; path = System/Library/Frameworks/CoreLocation.framework; sourceTree = SDKROOT; };
		C6FFDFAA15CAC34000F45466 /* MediaPlayer.framework */ = {isa = PBXFileReference; lastKnownFileType = wrapper.framework; name = MediaPlayer.framework; path = System/Library/Frameworks/MediaPlayer.framework; sourceTree = SDKROOT; };
		C6FFDFAC15CAC34000F45466 /* QuartzCore.framework */ = {isa = PBXFileReference; lastKnownFileType = wrapper.framework; name = QuartzCore.framework; path = System/Library/Frameworks/QuartzCore.framework; sourceTree = SDKROOT; };
		C6FFDFAE15CAC34000F45466 /* SystemConfiguration.framework */ = {isa = PBXFileReference; lastKnownFileType = wrapper.framework; name = SystemConfiguration.framework; path = System/Library/Frameworks/SystemConfiguration.framework; sourceTree = SDKROOT; };
		C6FFDFB015CAC34000F45466 /* MobileCoreServices.framework */ = {isa = PBXFileReference; lastKnownFileType = wrapper.framework; name = MobileCoreServices.framework; path = System/Library/Frameworks/MobileCoreServices.framework; sourceTree = SDKROOT; };
		C6FFDFB215CAC34000F45466 /* CoreMedia.framework */ = {isa = PBXFileReference; lastKnownFileType = wrapper.framework; name = CoreMedia.framework; path = System/Library/Frameworks/CoreMedia.framework; sourceTree = SDKROOT; };
		C6FFDFB615CAC34000F45466 /* Urbo-Info.plist */ = {isa = PBXFileReference; lastKnownFileType = text.plist.xml; path = "Urbo-Info.plist"; sourceTree = "<group>"; };
		C6FFDFB815CAC34000F45466 /* en */ = {isa = PBXFileReference; lastKnownFileType = text.plist.strings; name = en; path = en.lproj/InfoPlist.strings; sourceTree = "<group>"; };
		C6FFDFBA15CAC34000F45466 /* main.m */ = {isa = PBXFileReference; lastKnownFileType = sourcecode.c.objc; path = main.m; sourceTree = "<group>"; };
		C6FFDFBC15CAC34000F45466 /* Urbo-Prefix.pch */ = {isa = PBXFileReference; lastKnownFileType = sourcecode.c.h; path = "Urbo-Prefix.pch"; sourceTree = "<group>"; };
		C6FFDFBD15CAC34000F45466 /* Cordova.framework */ = {isa = PBXFileReference; lastKnownFileType = wrapper.framework; name = Cordova.framework; path = /Users/Shared/Cordova/Frameworks/Cordova.framework; sourceTree = "<absolute>"; };
		C6FFDFC215CAC34000F45466 /* en */ = {isa = PBXFileReference; lastKnownFileType = text.plist.strings; name = en; path = Resources/en.lproj/Localizable.strings; sourceTree = "<group>"; };
		C6FFDFC615CAC34000F45466 /* es */ = {isa = PBXFileReference; lastKnownFileType = text.plist.strings; name = es; path = Resources/es.lproj/Localizable.strings; sourceTree = "<group>"; };
		C6FFDFCA15CAC34000F45466 /* de */ = {isa = PBXFileReference; lastKnownFileType = text.plist.strings; name = de; path = Resources/de.lproj/Localizable.strings; sourceTree = "<group>"; };
		C6FFDFCE15CAC34000F45466 /* se */ = {isa = PBXFileReference; lastKnownFileType = text.plist.strings; name = se; path = Resources/se.lproj/Localizable.strings; sourceTree = "<group>"; };
		C6FFDFD115CAC34000F45466 /* icon.png */ = {isa = PBXFileReference; lastKnownFileType = image.png; name = icon.png; path = Resources/icons/icon.png; sourceTree = "<group>"; };
		C6FFDFD315CAC34000F45466 /* icon@2x.png */ = {isa = PBXFileReference; lastKnownFileType = image.png; name = "icon@2x.png"; path = "Resources/icons/icon@2x.png"; sourceTree = "<group>"; };
		C6FFDFD515CAC34000F45466 /* icon-72.png */ = {isa = PBXFileReference; lastKnownFileType = image.png; name = "icon-72.png"; path = "Resources/icons/icon-72.png"; sourceTree = "<group>"; };
		C6FFDFD815CAC34000F45466 /* Default~iphone.png */ = {isa = PBXFileReference; lastKnownFileType = image.png; name = "Default~iphone.png"; path = "Resources/splash/Default~iphone.png"; sourceTree = "<group>"; };
		C6FFDFDA15CAC34000F45466 /* Default@2x~iphone.png */ = {isa = PBXFileReference; lastKnownFileType = image.png; name = "Default@2x~iphone.png"; path = "Resources/splash/Default@2x~iphone.png"; sourceTree = "<group>"; };
		C6FFDFDC15CAC34100F45466 /* Capture.bundle */ = {isa = PBXFileReference; lastKnownFileType = "wrapper.plug-in"; name = Capture.bundle; path = Resources/Capture.bundle; sourceTree = "<group>"; };
		C6FFDFDE15CAC34100F45466 /* Cordova.plist */ = {isa = PBXFileReference; lastKnownFileType = text.plist.xml; path = Cordova.plist; sourceTree = "<group>"; };
		C6FFDFE115CAC34100F45466 /* AppDelegate.h */ = {isa = PBXFileReference; lastKnownFileType = sourcecode.c.h; name = AppDelegate.h; path = Classes/AppDelegate.h; sourceTree = "<group>"; };
		C6FFDFE215CAC34100F45466 /* AppDelegate.m */ = {isa = PBXFileReference; lastKnownFileType = sourcecode.c.objc; name = AppDelegate.m; path = Classes/AppDelegate.m; sourceTree = "<group>"; };
		C6FFDFE415CAC34100F45466 /* MainViewController.h */ = {isa = PBXFileReference; lastKnownFileType = sourcecode.c.h; name = MainViewController.h; path = Classes/MainViewController.h; sourceTree = "<group>"; };
		C6FFDFE515CAC34100F45466 /* MainViewController.m */ = {isa = PBXFileReference; lastKnownFileType = sourcecode.c.objc; name = MainViewController.m; path = Classes/MainViewController.m; sourceTree = "<group>"; };
		C6FFDFE715CAC34100F45466 /* MainViewController.xib */ = {isa = PBXFileReference; lastKnownFileType = file.xib; name = MainViewController.xib; path = Classes/MainViewController.xib; sourceTree = "<group>"; };
		C6FFDFEA15CAC34100F45466 /* README */ = {isa = PBXFileReference; lastKnownFileType = text; name = README; path = Plugins/README; sourceTree = "<group>"; };
		C6FFDFEB15CAC34100F45466 /* verify.sh */ = {isa = PBXFileReference; lastKnownFileType = text.script.sh; path = verify.sh; sourceTree = "<group>"; };
/* End PBXFileReference section */

/* Begin PBXFrameworksBuildPhase section */
		C6FFDF9015CAC34000F45466 /* Frameworks */ = {
			isa = PBXFrameworksBuildPhase;
			buildActionMask = 2147483647;
			files = (
				C6FFDF9B15CAC34000F45466 /* Foundation.framework in Frameworks */,
				C6FFDF9D15CAC34000F45466 /* UIKit.framework in Frameworks */,
				C6FFDF9F15CAC34000F45466 /* CoreGraphics.framework in Frameworks */,
				C6FFDFA115CAC34000F45466 /* AddressBook.framework in Frameworks */,
				C6FFDFA315CAC34000F45466 /* AddressBookUI.framework in Frameworks */,
				C6FFDFA515CAC34000F45466 /* AudioToolbox.framework in Frameworks */,
				C6FFDFA715CAC34000F45466 /* AVFoundation.framework in Frameworks */,
				C6FFDFA915CAC34000F45466 /* CoreLocation.framework in Frameworks */,
				C6FFDFAB15CAC34000F45466 /* MediaPlayer.framework in Frameworks */,
				C6FFDFAD15CAC34000F45466 /* QuartzCore.framework in Frameworks */,
				C6FFDFAF15CAC34000F45466 /* SystemConfiguration.framework in Frameworks */,
				C6FFDFB115CAC34000F45466 /* MobileCoreServices.framework in Frameworks */,
				C6FFDFB315CAC34000F45466 /* CoreMedia.framework in Frameworks */,
				C6FFDFBE15CAC34000F45466 /* Cordova.framework in Frameworks */,
			);
			runOnlyForDeploymentPostprocessing = 0;
		};
		C6FFDF9315CAC34000F45466 /* Frameworks */ = {
			isa = PBXFrameworksBuildPhase;
			buildActionMask = 2147483647;
			files = (
			);
			runOnlyForDeploymentPostprocessing = 0;
		};
/* End PBXFrameworksBuildPhase section */

/* Begin PBXGroup section */
		C6FFDF8815CAC34000F45466 = {
			isa = PBXGroup;
			children = (
				C6FFDFB415CAC34000F45466 /* Urbo */,
				C6FFDF9915CAC34000F45466 /* Frameworks */,
				C6FFDF9715CAC34000F45466 /* Products */,
			);
			sourceTree = "<group>";
		};
		C6FFDF9715CAC34000F45466 /* Products */ = {
			isa = PBXGroup;
			children = (
				C6FFDF9615CAC34000F45466 /* Urbo.app */,
			);
			name = Products;
			sourceTree = "<group>";
		};
		C6FFDF9915CAC34000F45466 /* Frameworks */ = {
			isa = PBXGroup;
			children = (
				C6FFDF9A15CAC34000F45466 /* Foundation.framework */,
				C6FFDF9C15CAC34000F45466 /* UIKit.framework */,
				C6FFDF9E15CAC34000F45466 /* CoreGraphics.framework */,
				C6FFDFA015CAC34000F45466 /* AddressBook.framework */,
				C6FFDFA215CAC34000F45466 /* AddressBookUI.framework */,
				C6FFDFA415CAC34000F45466 /* AudioToolbox.framework */,
				C6FFDFA615CAC34000F45466 /* AVFoundation.framework */,
				C6FFDFA815CAC34000F45466 /* CoreLocation.framework */,
				C6FFDFAA15CAC34000F45466 /* MediaPlayer.framework */,
				C6FFDFAC15CAC34000F45466 /* QuartzCore.framework */,
				C6FFDFAE15CAC34000F45466 /* SystemConfiguration.framework */,
				C6FFDFB015CAC34000F45466 /* MobileCoreServices.framework */,
				C6FFDFB215CAC34000F45466 /* CoreMedia.framework */,
			);
			name = Frameworks;
			sourceTree = "<group>";
		};
		C6FFDFB415CAC34000F45466 /* Urbo */ = {
			isa = PBXGroup;
			children = (
				C6FFDFBD15CAC34000F45466 /* Cordova.framework */,
				C6FFDFBF15CAC34000F45466 /* Resources */,
				C6FFDFE015CAC34100F45466 /* Classes */,
				C6FFDFE915CAC34100F45466 /* Plugins */,
				C6FFDFB515CAC34000F45466 /* Supporting Files */,
			);
			path = Urbo;
			sourceTree = "<group>";
		};
		C6FFDFB515CAC34000F45466 /* Supporting Files */ = {
			isa = PBXGroup;
			children = (
				C6FFDFB615CAC34000F45466 /* Urbo-Info.plist */,
				C6FFDFB715CAC34000F45466 /* InfoPlist.strings */,
				C6FFDFBA15CAC34000F45466 /* main.m */,
				C6FFDFBC15CAC34000F45466 /* Urbo-Prefix.pch */,
				C6FFDFDE15CAC34100F45466 /* Cordova.plist */,
				C6FFDFE715CAC34100F45466 /* MainViewController.xib */,
				C6FFDFEB15CAC34100F45466 /* verify.sh */,
			);
			name = "Supporting Files";
			sourceTree = "<group>";
		};
		C6FFDFBF15CAC34000F45466 /* Resources */ = {
			isa = PBXGroup;
			children = (
				C6FFDFDC15CAC34100F45466 /* Capture.bundle */,
				C6FFDFC015CAC34000F45466 /* en.lproj */,
				C6FFDFC415CAC34000F45466 /* es.lproj */,
				C6FFDFC815CAC34000F45466 /* de.lproj */,
				C6FFDFCC15CAC34000F45466 /* se.lproj */,
				C6FFDFD015CAC34000F45466 /* icons */,
				C6FFDFD715CAC34000F45466 /* splash */,
			);
			name = Resources;
			sourceTree = "<group>";
		};
		C6FFDFC015CAC34000F45466 /* en.lproj */ = {
			isa = PBXGroup;
			children = (
				C6FFDFC115CAC34000F45466 /* Localizable.strings */,
			);
			name = en.lproj;
			sourceTree = "<group>";
		};
		C6FFDFC415CAC34000F45466 /* es.lproj */ = {
			isa = PBXGroup;
			children = (
				C6FFDFC515CAC34000F45466 /* Localizable.strings */,
			);
			name = es.lproj;
			sourceTree = "<group>";
		};
		C6FFDFC815CAC34000F45466 /* de.lproj */ = {
			isa = PBXGroup;
			children = (
				C6FFDFC915CAC34000F45466 /* Localizable.strings */,
			);
			name = de.lproj;
			sourceTree = "<group>";
		};
		C6FFDFCC15CAC34000F45466 /* se.lproj */ = {
			isa = PBXGroup;
			children = (
				C6FFDFCD15CAC34000F45466 /* Localizable.strings */,
			);
			name = se.lproj;
			sourceTree = "<group>";
		};
		C6FFDFD015CAC34000F45466 /* icons */ = {
			isa = PBXGroup;
			children = (
				C6FFDFD115CAC34000F45466 /* icon.png */,
				C6FFDFD315CAC34000F45466 /* icon@2x.png */,
				C6FFDFD515CAC34000F45466 /* icon-72.png */,
			);
			name = icons;
			sourceTree = "<group>";
		};
		C6FFDFD715CAC34000F45466 /* splash */ = {
			isa = PBXGroup;
			children = (
				C6FFDFD815CAC34000F45466 /* Default~iphone.png */,
				C6FFDFDA15CAC34000F45466 /* Default@2x~iphone.png */,
			);
			name = splash;
			sourceTree = "<group>";
		};
		C6FFDFE015CAC34100F45466 /* Classes */ = {
			isa = PBXGroup;
			children = (
				C6FFDFE115CAC34100F45466 /* AppDelegate.h */,
				C6FFDFE215CAC34100F45466 /* AppDelegate.m */,
				C6FFDFE415CAC34100F45466 /* MainViewController.h */,
				C6FFDFE515CAC34100F45466 /* MainViewController.m */,
			);
			name = Classes;
			sourceTree = "<group>";
		};
		C6FFDFE915CAC34100F45466 /* Plugins */ = {
			isa = PBXGroup;
			children = (
				C6FFDFEA15CAC34100F45466 /* README */,
			);
			name = Plugins;
			sourceTree = "<group>";
		};
/* End PBXGroup section */

/* Begin PBXNativeTarget section */
		C6FFDF9515CAC34000F45466 /* Urbo */ = {
			isa = PBXNativeTarget;
			buildConfigurationList = C6FFDFEE15CAC34100F45466 /* Build configuration list for PBXNativeTarget "Urbo" */;
			buildPhases = (
				C6FFDF8F15CAC34000F45466 /* Sources */,
				C6FFDF9015CAC34000F45466 /* Frameworks */,
				C6FFDF9115CAC34000F45466 /* Resources */,
				C6FFDF9215CAC34000F45466 /* Sources */,
				C6FFDF9315CAC34000F45466 /* Frameworks */,
				C6FFDF9415CAC34000F45466 /* ShellScript */,
			);
			buildRules = (
			);
			dependencies = (
			);
			name = Urbo;
			productName = Urbo;
			productReference = C6FFDF9615CAC34000F45466 /* Urbo.app */;
			productType = "com.apple.product-type.application";
		};
/* End PBXNativeTarget section */

/* Begin PBXProject section */
		C6FFDF8A15CAC34000F45466 /* Project object */ = {
			isa = PBXProject;
			attributes = {
				LastUpgradeCheck = 0440;
				ORGANIZATIONNAME = Urbo;
			};
			buildConfigurationList = C6FFDF8D15CAC34000F45466 /* Build configuration list for PBXProject "Urbo" */;
			compatibilityVersion = "Xcode 3.2";
			developmentRegion = English;
			hasScannedForEncodings = 0;
			knownRegions = (
				en,
				es,
				de,
				se,
			);
			mainGroup = C6FFDF8815CAC34000F45466;
			productRefGroup = C6FFDF9715CAC34000F45466 /* Products */;
			projectDirPath = "";
			projectRoot = "";
			targets = (
				C6FFDF9515CAC34000F45466 /* Urbo */,
			);
		};
/* End PBXProject section */

/* Begin PBXResourcesBuildPhase section */
		C6FFDF9115CAC34000F45466 /* Resources */ = {
			isa = PBXResourcesBuildPhase;
			buildActionMask = 2147483647;
			files = (
				C6FFDFB915CAC34000F45466 /* InfoPlist.strings in Resources */,
				C6FFDFC315CAC34000F45466 /* Localizable.strings in Resources */,
				C6FFDFC715CAC34000F45466 /* Localizable.strings in Resources */,
				C6FFDFCB15CAC34000F45466 /* Localizable.strings in Resources */,
				C6FFDFCF15CAC34000F45466 /* Localizable.strings in Resources */,
				C6FFDFD215CAC34000F45466 /* icon.png in Resources */,
				C6FFDFD415CAC34000F45466 /* icon@2x.png in Resources */,
				C6FFDFD615CAC34000F45466 /* icon-72.png in Resources */,
				C6FFDFD915CAC34000F45466 /* Default~iphone.png in Resources */,
				C6FFDFDB15CAC34000F45466 /* Default@2x~iphone.png in Resources */,
				C6FFDFDD15CAC34100F45466 /* Capture.bundle in Resources */,
				C6FFDFDF15CAC34100F45466 /* Cordova.plist in Resources */,
				C6FFDFE815CAC34100F45466 /* MainViewController.xib in Resources */,
			);
			runOnlyForDeploymentPostprocessing = 0;
		};
/* End PBXResourcesBuildPhase section */

/* Begin PBXShellScriptBuildPhase section */
		C6FFDF9415CAC34000F45466 /* ShellScript */ = {
			isa = PBXShellScriptBuildPhase;
			buildActionMask = 2147483647;
			files = (
			);
			inputPaths = (
			);
			outputPaths = (
			);
			runOnlyForDeploymentPostprocessing = 0;
			shellPath = /bin/bash;
			shellScript = "\n\t\t\t\t\t\t\t\tchmod 755 \"$PROJECT_DIR/$PROJECT_NAME/verify.sh\"\n\t\t\t\t\t\t\t\t\"$PROJECT_DIR/$PROJECT_NAME/verify.sh\"\n\t\t\t\t\t";
		};
/* End PBXShellScriptBuildPhase section */

/* Begin PBXSourcesBuildPhase section */
		C6FFDF8F15CAC34000F45466 /* Sources */ = {
			isa = PBXSourcesBuildPhase;
			buildActionMask = 2147483647;
			files = (
				C6FFDFBB15CAC34000F45466 /* main.m in Sources */,
				C6FFDFE315CAC34100F45466 /* AppDelegate.m in Sources */,
				C6FFDFE615CAC34100F45466 /* MainViewController.m in Sources */,
			);
			runOnlyForDeploymentPostprocessing = 0;
		};
		C6FFDF9215CAC34000F45466 /* Sources */ = {
			isa = PBXSourcesBuildPhase;
			buildActionMask = 2147483647;
			files = (
			);
			runOnlyForDeploymentPostprocessing = 0;
		};
/* End PBXSourcesBuildPhase section */

/* Begin PBXVariantGroup section */
		C6FFDFB715CAC34000F45466 /* InfoPlist.strings */ = {
			isa = PBXVariantGroup;
			children = (
				C6FFDFB815CAC34000F45466 /* en */,
			);
			name = InfoPlist.strings;
			sourceTree = "<group>";
		};
		C6FFDFC115CAC34000F45466 /* Localizable.strings */ = {
			isa = PBXVariantGroup;
			children = (
				C6FFDFC215CAC34000F45466 /* en */,
			);
			name = Localizable.strings;
			sourceTree = "<group>";
		};
		C6FFDFC515CAC34000F45466 /* Localizable.strings */ = {
			isa = PBXVariantGroup;
			children = (
				C6FFDFC615CAC34000F45466 /* es */,
			);
			name = Localizable.strings;
			sourceTree = "<group>";
		};
		C6FFDFC915CAC34000F45466 /* Localizable.strings */ = {
			isa = PBXVariantGroup;
			children = (
				C6FFDFCA15CAC34000F45466 /* de */,
			);
			name = Localizable.strings;
			sourceTree = "<group>";
		};
		C6FFDFCD15CAC34000F45466 /* Localizable.strings */ = {
			isa = PBXVariantGroup;
			children = (
				C6FFDFCE15CAC34000F45466 /* se */,
			);
			name = Localizable.strings;
			sourceTree = "<group>";
		};
/* End PBXVariantGroup section */

/* Begin XCBuildConfiguration section */
		C6FFDFEC15CAC34100F45466 /* Debug */ = {
			isa = XCBuildConfiguration;
			buildSettings = {
				ALWAYS_SEARCH_USER_PATHS = NO;
				ARCHS = (
					armv6,
					"$(ARCHS_STANDARD_32_BIT)",
				);
				CLANG_CXX_LANGUAGE_STANDARD = "gnu++0x";
				CLANG_WARN__DUPLICATE_METHOD_MATCH = YES;
				"CODE_SIGN_IDENTITY[sdk=iphoneos*]" = "iPhone Developer";
				COPY_PHASE_STRIP = NO;
				GCC_C_LANGUAGE_STANDARD = gnu99;
				GCC_DYNAMIC_NO_PIC = NO;
				GCC_OPTIMIZATION_LEVEL = 0;
				GCC_PREPROCESSOR_DEFINITIONS = (
					"DEBUG=1",
					"$(inherited)",
				);
				GCC_SYMBOLS_PRIVATE_EXTERN = NO;
				GCC_VERSION = com.apple.compilers.llvm.clang.1_0;
				GCC_WARN_ABOUT_RETURN_TYPE = YES;
				GCC_WARN_UNINITIALIZED_AUTOS = YES;
				GCC_WARN_UNUSED_VARIABLE = YES;
				IPHONEOS_DEPLOYMENT_TARGET = 3.0;
				SDKROOT = iphoneos;
			};
			name = Debug;
		};
		C6FFDFED15CAC34100F45466 /* Release */ = {
			isa = XCBuildConfiguration;
			buildSettings = {
				ALWAYS_SEARCH_USER_PATHS = NO;
				ARCHS = (
					armv6,
					"$(ARCHS_STANDARD_32_BIT)",
				);
				CLANG_CXX_LANGUAGE_STANDARD = "gnu++0x";
				CLANG_WARN__DUPLICATE_METHOD_MATCH = YES;
				"CODE_SIGN_IDENTITY[sdk=iphoneos*]" = "iPhone Developer";
				COPY_PHASE_STRIP = YES;
				GCC_C_LANGUAGE_STANDARD = gnu99;
				GCC_VERSION = com.apple.compilers.llvm.clang.1_0;
				GCC_WARN_ABOUT_RETURN_TYPE = YES;
				GCC_WARN_UNINITIALIZED_AUTOS = YES;
				GCC_WARN_UNUSED_VARIABLE = YES;
				IPHONEOS_DEPLOYMENT_TARGET = 3.0;
				SDKROOT = iphoneos;
				VALIDATE_PRODUCT = YES;
			};
			name = Release;
		};
		C6FFDFEF15CAC34100F45466 /* Debug */ = {
			isa = XCBuildConfiguration;
			buildSettings = {
				ALWAYS_SEARCH_USER_PATHS = YES;
				COPY_PHASE_STRIP = NO;
				FRAMEWORK_SEARCH_PATHS = /Users/Shared/Cordova/Frameworks;
				GCC_DYNAMIC_NO_PIC = NO;
				GCC_PRECOMPILE_PREFIX_HEADER = YES;
				GCC_PREFIX_HEADER = "Urbo/Urbo-Prefix.pch";
				GCC_PREPROCESSOR_DEFINITIONS = (
					"DEBUG=1,",
					"CORDOVA_FRAMEWORK=1",
				);
				INFOPLIST_FILE = "Urbo/Urbo-Info.plist";
				OTHER_LDFLAGS = (
					"-weak_framework",
					UIKit,
					"-weak_framework",
					AVFoundation,
					"-weak_framework",
					CoreMedia,
					"-weak-lSystem",
				);
				PRODUCT_NAME = "$(TARGET_NAME)";
				TARGETED_DEVICE_FAMILY = "1,2";
				WRAPPER_EXTENSION = app;
			};
			name = Debug;
		};
		C6FFDFF015CAC34100F45466 /* Release */ = {
			isa = XCBuildConfiguration;
			buildSettings = {
				ALWAYS_SEARCH_USER_PATHS = YES;
				COPY_PHASE_STRIP = YES;
				DEBUG_INFORMATION_FORMAT = "dwarf-with-dsym";
				FRAMEWORK_SEARCH_PATHS = /Users/Shared/Cordova/Frameworks;
				GCC_PRECOMPILE_PREFIX_HEADER = YES;
				GCC_PREFIX_HEADER = "Urbo/Urbo-Prefix.pch";
				GCC_PREPROCESSOR_DEFINITIONS = (
					"NDEBUG=1,",
					"CORDOVA_FRAMEWORK=1",
				);
				INFOPLIST_FILE = "Urbo/Urbo-Info.plist";
				OTHER_LDFLAGS = (
					"-weak_framework",
					UIKit,
					"-weak_framework",
					AVFoundation,
					"-weak_framework",
					CoreMedia,
					"-weak-lSystem",
				);
				PRODUCT_NAME = "$(TARGET_NAME)";
				TARGETED_DEVICE_FAMILY = "1,2";
				VALIDATE_PRODUCT = YES;
				WRAPPER_EXTENSION = app;
			};
			name = Release;
		};
/* End XCBuildConfiguration section */

/* Begin XCConfigurationList section */
		C6FFDF8D15CAC34000F45466 /* Build configuration list for PBXProject "Urbo" */ = {
			isa = XCConfigurationList;
			buildConfigurations = (
				C6FFDFEC15CAC34100F45466 /* Debug */,
				C6FFDFED15CAC34100F45466 /* Release */,
			);
			defaultConfigurationIsVisible = 0;
			defaultConfigurationName = Release;
		};
		C6FFDFEE15CAC34100F45466 /* Build configuration list for PBXNativeTarget "Urbo" */ = {
			isa = XCConfigurationList;
			buildConfigurations = (
				C6FFDFEF15CAC34100F45466 /* Debug */,
				C6FFDFF015CAC34100F45466 /* Release */,
			);
			defaultConfigurationIsVisible = 0;
		};
/* End XCConfigurationList section */
	};
	rootObject = C6FFDF8A15CAC34000F45466 /* Project object */;
}
